
Microsoft Visual Studio Solution File, Format Version 12.00
# Visual Studio Version 16
VisualStudioVersion = 16.0.28902.138
MinimumVisualStudioVersion = 10.0.40219.1
Project("{9A19103F-16F7-4668-BE54-9A1E7A4F7556}") = "DAL", "DAL\DAL.csproj", "{2CC23507-B1BF-4E3D-A453-3BDCD5FB1452}"
EndProject
Project("{FAE04EC0-301F-11D3-BF4B-00C04F79EFBC}") = "gulfsoccer", "gulfsoccer\gulfsoccer.csproj", "{6AF3606A-266D-4CD8-91FD-D7DD02205BDA}"
EndProject
Project("{9A19103F-16F7-4668-BE54-9A1E7A4F7556}") = "gulfsoccer.utilities", "gulfsoccer.utilities\gulfsoccer.utilities.csproj", "{6E4B8B84-E364-4ACD-8AF3-E30BB8533369}"
EndProject
Project("{FAE04EC0-301F-11D3-BF4B-00C04F79EFBC}") = "PushNotifications.Service.Sqllite", "PushNotifications.Service.Sqllite\PushNotifications.Service.Sqllite.csproj", "{A0E44CC3-7528-4F16-8524-CC16A79EEC69}"
EndProject
Project("{FAE04EC0-301F-11D3-BF4B-00C04F79EFBC}") = "ImageProccessingDotNet", "ImageProccessingDotNet\ImageProccessingDotNet.csproj", "{9376EDF7-4A45-4BA6-B42C-89CC96480B8E}"
EndProject
Global
	GlobalSection(SolutionConfigurationPlatforms) = preSolution
		Debug|Any CPU = Debug|Any CPU
		Release|Any CPU = Release|Any CPU
	EndGlobalSection
	GlobalSection(ProjectConfigurationPlatforms) = postSolution
		{2CC23507-B1BF-4E3D-A453-3BDCD5FB1452}.Debug|Any CPU.ActiveCfg = Debug|Any CPU
		{2CC23507-B1BF-4E3D-A453-3BDCD5FB1452}.Debug|Any CPU.Build.0 = Debug|Any CPU
		{2CC23507-B1BF-4E3D-A453-3BDCD5FB1452}.Release|Any CPU.ActiveCfg = Release|Any CPU
		{2CC23507-B1BF-4E3D-A453-3BDCD5FB1452}.Release|Any CPU.Build.0 = Release|Any CPU
		{6AF3606A-266D-4CD8-91FD-D7DD02205BDA}.Debug|Any CPU.ActiveCfg = Debug|Any CPU
		{6AF3606A-266D-4CD8-91FD-D7DD02205BDA}.Debug|Any CPU.Build.0 = Debug|Any CPU
		{6AF3606A-266D-4CD8-91FD-D7DD02205BDA}.Release|Any CPU.ActiveCfg = Release|Any CPU
		{6AF3606A-266D-4CD8-91FD-D7DD02205BDA}.Release|Any CPU.Build.0 = Release|Any CPU
		{6E4B8B84-E364-4ACD-8AF3-E30BB8533369}.Debug|Any CPU.ActiveCfg = Debug|Any CPU
		{6E4B8B84-E364-4ACD-8AF3-E30BB8533369}.Debug|Any CPU.Build.0 = Debug|Any CPU
		{6E4B8B84-E364-4ACD-8AF3-E30BB8533369}.Release|Any CPU.ActiveCfg = Release|Any CPU
		{6E4B8B84-E364-4ACD-8AF3-E30BB8533369}.Release|Any CPU.Build.0 = Release|Any CPU
		{A0E44CC3-7528-4F16-8524-CC16A79EEC69}.Debug|Any CPU.ActiveCfg = Debug|Any CPU
		{A0E44CC3-7528-4F16-8524-CC16A79EEC69}.Debug|Any CPU.Build.0 = Debug|Any CPU
		{A0E44CC3-7528-4F16-8524-CC16A79EEC69}.Release|Any CPU.ActiveCfg = Release|Any CPU
		{A0E44CC3-7528-4F16-8524-CC16A79EEC69}.Release|Any CPU.Build.0 = Release|Any CPU
		{9376EDF7-4A45-4BA6-B42C-89CC96480B8E}.Debug|Any CPU.ActiveCfg = Debug|Any CPU
		{9376EDF7-4A45-4BA6-B42C-89CC96480B8E}.Debug|Any CPU.Build.0 = Debug|Any CPU
		{9376EDF7-4A45-4BA6-B42C-89CC96480B8E}.Release|Any CPU.ActiveCfg = Release|Any CPU
		{9376EDF7-4A45-4BA6-B42C-89CC96480B8E}.Release|Any CPU.Build.0 = Release|Any CPU
	EndGlobalSection
	GlobalSection(SolutionProperties) = preSolution
		HideSolutionNode = FALSE
	EndGlobalSection
	GlobalSection(ExtensibilityGlobals) = postSolution
		SolutionGuid = {6E66AD7F-6C86-49C7-9CA3-C29C80693984}
	EndGlobalSection
EndGlobal
